
Microsoft Visual Studio Solution File, Format Version 12.00
# Visual Studio Version 17
VisualStudioVersion = 17.1.32421.90
MinimumVisualStudioVersion = 10.0.40219.1
Project("{9A19103F-16F7-4668-BE54-9A1E7A4F7556}") = "Model", "Model\Model.csproj", "{2B80C7B9-3974-4F35-8503-E0063282762B}"
EndProject
Project("{9A19103F-16F7-4668-BE54-9A1E7A4F7556}") = "BLL", "BLL\BLL.csproj", "{F0439012-1E8A-41DC-9FF7-88FB137A2DD8}"
EndProject
Project("{9A19103F-16F7-4668-BE54-9A1E7A4F7556}") = "DAL", "DAL\DAL.csproj", "{DFB03D59-CE27-48E4-BF5D-D5AF26DF06A4}"
EndProject
Project("{9A19103F-16F7-4668-BE54-9A1E7A4F7556}") = "Ferramentas", "Ferramentas\Ferramentas.csproj", "{FE5F5948-CF39-4292-933C-BE3384EC0B39}"
EndProject
Project("{FAE04EC0-301F-11D3-BF4B-00C04F79EFBC}") = "GUI", "GUI\GUI.csproj", "{EAA08681-11E1-4D35-BCC3-AE4ABF6B8545}"
EndProject
Global
	GlobalSection(SolutionConfigurationPlatforms) = preSolution
		Debug|Any CPU = Debug|Any CPU
		Release|Any CPU = Release|Any CPU
	EndGlobalSection
	GlobalSection(ProjectConfigurationPlatforms) = postSolution
		{2B80C7B9-3974-4F35-8503-E0063282762B}.Debug|Any CPU.ActiveCfg = Debug|Any CPU
		{2B80C7B9-3974-4F35-8503-E0063282762B}.Debug|Any CPU.Build.0 = Debug|Any CPU
		{2B80C7B9-3974-4F35-8503-E0063282762B}.Release|Any CPU.ActiveCfg = Release|Any CPU
		{2B80C7B9-3974-4F35-8503-E0063282762B}.Release|Any CPU.Build.0 = Release|Any CPU
		{F0439012-1E8A-41DC-9FF7-88FB137A2DD8}.Debug|Any CPU.ActiveCfg = Debug|Any CPU
		{F0439012-1E8A-41DC-9FF7-88FB137A2DD8}.Debug|Any CPU.Build.0 = Debug|Any CPU
		{F0439012-1E8A-41DC-9FF7-88FB137A2DD8}.Release|Any CPU.ActiveCfg = Release|Any CPU
		{F0439012-1E8A-41DC-9FF7-88FB137A2DD8}.Release|Any CPU.Build.0 = Release|Any CPU
		{DFB03D59-CE27-48E4-BF5D-D5AF26DF06A4}.Debug|Any CPU.ActiveCfg = Debug|Any CPU
		{DFB03D59-CE27-48E4-BF5D-D5AF26DF06A4}.Debug|Any CPU.Build.0 = Debug|Any CPU
		{DFB03D59-CE27-48E4-BF5D-D5AF26DF06A4}.Release|Any CPU.ActiveCfg = Release|Any CPU
		{DFB03D59-CE27-48E4-BF5D-D5AF26DF06A4}.Release|Any CPU.Build.0 = Release|Any CPU
		{FE5F5948-CF39-4292-933C-BE3384EC0B39}.Debug|Any CPU.ActiveCfg = Debug|Any CPU
		{FE5F5948-CF39-4292-933C-BE3384EC0B39}.Debug|Any CPU.Build.0 = Debug|Any CPU
		{FE5F5948-CF39-4292-933C-BE3384EC0B39}.Release|Any CPU.ActiveCfg = Release|Any CPU
		{FE5F5948-CF39-4292-933C-BE3384EC0B39}.Release|Any CPU.Build.0 = Release|Any CPU
		{EAA08681-11E1-4D35-BCC3-AE4ABF6B8545}.Debug|Any CPU.ActiveCfg = Debug|Any CPU
		{EAA08681-11E1-4D35-BCC3-AE4ABF6B8545}.Debug|Any CPU.Build.0 = Debug|Any CPU
		{EAA08681-11E1-4D35-BCC3-AE4ABF6B8545}.Release|Any CPU.ActiveCfg = Release|Any CPU
		{EAA08681-11E1-4D35-BCC3-AE4ABF6B8545}.Release|Any CPU.Build.0 = Release|Any CPU
	EndGlobalSection
	GlobalSection(SolutionProperties) = preSolution
		HideSolutionNode = FALSE
	EndGlobalSection
	GlobalSection(ExtensibilityGlobals) = postSolution
		SolutionGuid = {A16038BF-ABD3-4DC6-B06F-D6BD2EC33670}
	EndGlobalSection
EndGlobal
